{
  "name": "dojo-bad-library-types",
  "version": "1.0.0",
  "lockfileVersion": 2,
  "requires": true,
  "packages": {
    "": {
      "name": "dojo-bad-library-types",
      "version": "1.0.0",
      "license": "MIT",
      "dependencies": {
        "badly-typed-package": "0.0.1"
      },
      "devDependencies": {
        "typescript": "^4.9.3"
      }
    },
    "node_modules/badly-typed-package": {
      "version": "0.0.1",
      "resolved": "https://registry.npmjs.org/badly-typed-package/-/badly-typed-package-0.0.1.tgz",
      "integrity": "sha512-xaOguBWeVw18Wo8lGtXSz4HnK4d+UfDkg5omwy6sWJ3GiiZHSraiSTWbDnLmjvRLH/Yit+2WagjQTg4d8FlPWA=="
    },
    "node_modules/typescript": {
      "version": "4.9.3",
      "resolved": "https://registry.npmjs.org/typescript/-/typescript-4.9.3.tgz",
      "integrity": "sha512-CIfGzTelbKNEnLpLdGFgdyKhG23CKdKgQPOBc+OUNrkJ2vr+KSzsSV5kq5iWhEQbok+quxgGzrAtGWCyU7tHnA==",
      "dev": true,
      "bin": {
        "tsc": "bin/tsc",
        "tsserver": "bin/tsserver"
      },
      "engines": {
        "node": ">=4.2.0"
      }
    }
  },
  "dependencies": {
    "badly-typed-package": {
      "version": "0.0.1",
      "resolved": "https://registry.npmjs.org/badly-typed-package/-/badly-typed-package-0.0.1.tgz",
      "integrity": "sha512-xaOguBWeVw18Wo8lGtXSz4HnK4d+UfDkg5omwy6sWJ3GiiZHSraiSTWbDnLmjvRLH/Yit+2WagjQTg4d8FlPWA=="
    },
    "typescript": {
      "version": "4.9.3",
      "resolved": "https://registry.npmjs.org/typescript/-/typescript-4.9.3.tgz",
      "integrity": "sha512-CIfGzTelbKNEnLpLdGFgdyKhG23CKdKgQPOBc+OUNrkJ2vr+KSzsSV5kq5iWhEQbok+quxgGzrAtGWCyU7tHnA==",
      "dev": true
    }
  }
}
